
Microsoft Visual Studio Solution File, Format Version 12.00
# Visual Studio Version 16
VisualStudioVersion = 25.0.1700.6
MinimumVisualStudioVersion = 10.0.40219.1
Project("{FAE04EC0-301F-11D3-BF4B-00C04F79EFBC}") = "SiteBuilder.Manager", "SiteBuilder.Manager\SiteBuilder.Manager.csproj", "{33C1219D-3420-4726-B57E-E59A8A631344}"
EndProject
Project("{FAE04EC0-301F-11D3-BF4B-00C04F79EFBC}") = "SiteBuilder.Client", "SiteBuilder.Client\SiteBuilder.Client.csproj", "{2087561B-95B4-4F04-8C93-152A584AA444}"
EndProject
Project("{FAE04EC0-301F-11D3-BF4B-00C04F79EFBC}") = "SiteBuilder.Shared", "SiteBuilder.Shared\SiteBuilder.Shared.csproj", "{80AAAF6B-5595-485A-8DEC-5AB011FEFBED}"
EndProject
Global
	GlobalSection(SolutionConfigurationPlatforms) = preSolution
		Debug|Any CPU = Debug|Any CPU
		Release|Any CPU = Release|Any CPU
	EndGlobalSection
	GlobalSection(ProjectConfigurationPlatforms) = postSolution
		{33C1219D-3420-4726-B57E-E59A8A631344}.Debug|Any CPU.ActiveCfg = Debug|Any CPU
		{33C1219D-3420-4726-B57E-E59A8A631344}.Debug|Any CPU.Build.0 = Debug|Any CPU
		{33C1219D-3420-4726-B57E-E59A8A631344}.Release|Any CPU.ActiveCfg = Release|Any CPU
		{33C1219D-3420-4726-B57E-E59A8A631344}.Release|Any CPU.Build.0 = Release|Any CPU
		{2087561B-95B4-4F04-8C93-152A584AA444}.Debug|Any CPU.ActiveCfg = Debug|Any CPU
		{2087561B-95B4-4F04-8C93-152A584AA444}.Debug|Any CPU.Build.0 = Debug|Any CPU
		{2087561B-95B4-4F04-8C93-152A584AA444}.Release|Any CPU.ActiveCfg = Release|Any CPU
		{2087561B-95B4-4F04-8C93-152A584AA444}.Release|Any CPU.Build.0 = Release|Any CPU
		{80AAAF6B-5595-485A-8DEC-5AB011FEFBED}.Debug|Any CPU.ActiveCfg = Debug|Any CPU
		{80AAAF6B-5595-485A-8DEC-5AB011FEFBED}.Debug|Any CPU.Build.0 = Debug|Any CPU
		{80AAAF6B-5595-485A-8DEC-5AB011FEFBED}.Release|Any CPU.ActiveCfg = Release|Any CPU
		{80AAAF6B-5595-485A-8DEC-5AB011FEFBED}.Release|Any CPU.Build.0 = Release|Any CPU
	EndGlobalSection
	GlobalSection(SolutionProperties) = preSolution
		HideSolutionNode = FALSE
	EndGlobalSection
	GlobalSection(ExtensibilityGlobals) = postSolution
		SolutionGuid = {1E2F0A9F-9A36-4841-8A86-1C23C0840E32}
	EndGlobalSection
EndGlobal
